{
  "name": "bard",
  "version": "1.0.0",
  "lockfileVersion": 3,
  "requires": true,
  "packages": {
    "": {
      "name": "bard",
      "version": "1.0.0",
      "license": "ISC",
      "dependencies": {
        "bard-ai": "^1.2.2",
        "bardapi": "^1.0.4",
        "dotenv": "^16.3.1"
      }
    },
    "node_modules/bard-ai": {
      "version": "1.2.2",
      "resolved": "https://registry.npmjs.org/bard-ai/-/bard-ai-1.2.2.tgz",
      "integrity": "sha512-H+56XqGjqN7Z55uK7bA5rBJKNluCODb68Fq4RZ7vXwKekhTS5EX5aJXtISjUYbax2eSemEtggJsJmMiTVrbJXg=="
    },
    "node_modules/bardapi": {
      "version": "1.0.4",
      "resolved": "https://registry.npmjs.org/bardapi/-/bardapi-1.0.4.tgz",
      "integrity": "sha512-yoKRfJWLMKkyg4UOXMMbrertWNVxKSBsngdChDHitc3GyKxC8Ccos8JE1fhRxhNlzOJVMVg2fyakwHhREt6Xcg=="
    },
    "node_modules/dotenv": {
      "version": "16.3.1",
      "resolved": "https://registry.npmjs.org/dotenv/-/dotenv-16.3.1.tgz",
      "integrity": "sha512-IPzF4w4/Rd94bA9imS68tZBaYyBWSCE47V1RGuMrB94iyTOIEwRmVL2x/4An+6mETpLrKJ5hQkB8W4kFAadeIQ==",
      "engines": {
        "node": ">=12"
      },
      "funding": {
        "url": "https://github.com/motdotla/dotenv?sponsor=1"
      }
    }
  }
}
